{
  "requires": true,
  "lockfileVersion": 1,
  "dependencies": {
    "rmb-x": {
      "version": "0.1.2",
      "resolved": "https://registry.npmjs.org/rmb-x/-/rmb-x-0.1.2.tgz",
      "integrity": "sha512-E1AyUe2vtDZPX58xMu0QEzFzLNkEjIl9Z0aqm2VOuCMymVF6M6XB2NV7X7ub/4d9IdJm2Q3rXtjKzpHiVgQ3JQ=="
    },
    "solarlunar": {
      "version": "2.0.7",
      "resolved": "https://registry.npmjs.org/solarlunar/-/solarlunar-2.0.7.tgz",
      "integrity": "sha512-2SfuCCgAAxFU5MTMYuKGbRgRLcPTJQf3azMEw/GmBpHXA7N2eAQJStSqktZJjnq4qRCboBPnqEB866+PCregag=="
    }
  }
}
