{
  "name": "npm",
  "version": "1.0.0",
  "lockfileVersion": 1,
  "requires": true,
  "dependencies": {
    "cnchar": {
      "version": "2.1.4",
      "resolved": "https://registry.npmjs.org/cnchar/-/cnchar-2.1.4.tgz",
      "integrity": "sha512-pS5NcWup4ZG1QY+QjfgtOECMaHaaLOIGPbpOwUlazuYK1rWSBtxw5sAnG90FLga8SaeHx6XLCpJeRYTnGhfKEw=="
    },
    "str_get_pinyin_chinese": {
      "version": "1.0.3",
      "resolved": "https://registry.npmjs.org/str_get_pinyin_chinese/-/str_get_pinyin_chinese-1.0.3.tgz",
      "integrity": "sha512-x/5cqZQ1yNATjP0M78znJtQVA+7Y3Gwnokax4a5ZD/I/vNmb4FQSh1Di5miWqqduwWOmzPDsDfo2gbM5I/BHbA=="
    }
  }
}
